nikand.dev/go/json2 v0.12.0 h1:9cUb0Qf1J4qurTSu6ArWuvUxmIynUosuIHYIrY1rhVU=
nikand.dev/go/json2 v0.12.0/go.mod h1:1fXsi2k35VEu3ludqyyNIS0M6MGiTnF9RZS9FCwuepQ=
nikand.dev/go/skip v0.0.0-20250318144159-13117a8602fa h1:uSFO6jp6uqmyOWdV2YXL2TytzrtoZDtg35v4KG/9dVE=
nikand.dev/go/skip v0.0.0-20250318144159-13117a8602fa/go.mod h1:sxT9iqxrhIQGtoTQWbhSy7yhd5mmtenoHpG0buF6p1w=
